
Microsoft Visual Studio Solution File, Format Version 12.00
# Visual Studio Version 17
VisualStudioVersion = 17.7.34221.43
MinimumVisualStudioVersion = 10.0.40219.1
Project("{2150E333-8FDC-42A3-9474-1A3956D46DE8}") = "ChatApp.Web", "ChatApp.Web", "{A01090F5-7C24-407A-96B1-60C4EA32E393}"
EndProject
Project("{9A19103F-16F7-4668-BE54-9A1E7A4F7556}") = "ChatApp.Application", "ChatApp.Application\ChatApp.Application.csproj", "{BCE85E78-CB94-4946-9A47-3490610EB80D}"
EndProject
Project("{9A19103F-16F7-4668-BE54-9A1E7A4F7556}") = "ChatApp.Domain", "ChatApp.Domain\ChatApp.Domain.csproj", "{5F0A1095-B541-4DC2-A147-E616DCB469E9}"
EndProject
Project("{9A19103F-16F7-4668-BE54-9A1E7A4F7556}") = "ChatApp.Infrastructure", "ChatApp.Infrastructure\ChatApp.Infrastructure.csproj", "{9F861AEC-0EFD-4569-81BE-C81D6886D81E}"
EndProject
Project("{9A19103F-16F7-4668-BE54-9A1E7A4F7556}") = "ChatApp.Persistence", "ChatApp.Persistence\ChatApp.Persistence.csproj", "{54469253-2B65-4BCA-A2F8-7421F33F281B}"
EndProject
Project("{9A19103F-16F7-4668-BE54-9A1E7A4F7556}") = "ChatApp.Tests", "ChatApp.Tests\ChatApp.Tests.csproj", "{51B1D496-0C44-4CF0-B5D5-267F7DBABB5E}"
EndProject
Project("{9A19103F-16F7-4668-BE54-9A1E7A4F7556}") = "ChatApp.WebAPI", "ChatApp.WebAPI\ChatApp.WebAPI.csproj", "{24D69860-665E-4A14-B520-D0F39C9EB7A4}"
EndProject
Project("{00D1A9C2-B5F0-4AF3-8072-F6C62B433612}") = "ChatApp.DB", "ChatApp.DB\ChatApp.DB.sqlproj", "{DFA17F7C-38DC-43B1-AB9A-B3F785B050A6}"
EndProject
Project("{9A19103F-16F7-4668-BE54-9A1E7A4F7556}") = "ChatApp.UI", "ChatApp.UI\ChatApp.UI.csproj", "{9D166B97-8336-4B4B-93E3-663DAAA1CD69}"
EndProject
Project("{9A19103F-16F7-4668-BE54-9A1E7A4F7556}") = "ChatApp.IntegrationTests", "ChatApp.IntegrationTests\ChatApp.IntegrationTests.csproj", "{0BF08EEF-1387-4F24-BD43-C42B2FBE497A}"
	ProjectSection(ProjectDependencies) = postProject
		{24D69860-665E-4A14-B520-D0F39C9EB7A4} = {24D69860-665E-4A14-B520-D0F39C9EB7A4}
	EndProjectSection
EndProject
Global
	GlobalSection(SolutionConfigurationPlatforms) = preSolution
		Debug|Any CPU = Debug|Any CPU
		Release|Any CPU = Release|Any CPU
	EndGlobalSection
	GlobalSection(ProjectConfigurationPlatforms) = postSolution
		{BCE85E78-CB94-4946-9A47-3490610EB80D}.Debug|Any CPU.ActiveCfg = Debug|Any CPU
		{BCE85E78-CB94-4946-9A47-3490610EB80D}.Debug|Any CPU.Build.0 = Debug|Any CPU
		{BCE85E78-CB94-4946-9A47-3490610EB80D}.Release|Any CPU.ActiveCfg = Release|Any CPU
		{BCE85E78-CB94-4946-9A47-3490610EB80D}.Release|Any CPU.Build.0 = Release|Any CPU
		{5F0A1095-B541-4DC2-A147-E616DCB469E9}.Debug|Any CPU.ActiveCfg = Debug|Any CPU
		{5F0A1095-B541-4DC2-A147-E616DCB469E9}.Debug|Any CPU.Build.0 = Debug|Any CPU
		{5F0A1095-B541-4DC2-A147-E616DCB469E9}.Release|Any CPU.ActiveCfg = Release|Any CPU
		{5F0A1095-B541-4DC2-A147-E616DCB469E9}.Release|Any CPU.Build.0 = Release|Any CPU
		{9F861AEC-0EFD-4569-81BE-C81D6886D81E}.Debug|Any CPU.ActiveCfg = Debug|Any CPU
		{9F861AEC-0EFD-4569-81BE-C81D6886D81E}.Debug|Any CPU.Build.0 = Debug|Any CPU
		{9F861AEC-0EFD-4569-81BE-C81D6886D81E}.Release|Any CPU.ActiveCfg = Release|Any CPU
		{9F861AEC-0EFD-4569-81BE-C81D6886D81E}.Release|Any CPU.Build.0 = Release|Any CPU
		{54469253-2B65-4BCA-A2F8-7421F33F281B}.Debug|Any CPU.ActiveCfg = Debug|Any CPU
		{54469253-2B65-4BCA-A2F8-7421F33F281B}.Debug|Any CPU.Build.0 = Debug|Any CPU
		{54469253-2B65-4BCA-A2F8-7421F33F281B}.Release|Any CPU.ActiveCfg = Release|Any CPU
		{54469253-2B65-4BCA-A2F8-7421F33F281B}.Release|Any CPU.Build.0 = Release|Any CPU
		{51B1D496-0C44-4CF0-B5D5-267F7DBABB5E}.Debug|Any CPU.ActiveCfg = Debug|Any CPU
		{51B1D496-0C44-4CF0-B5D5-267F7DBABB5E}.Debug|Any CPU.Build.0 = Debug|Any CPU
		{51B1D496-0C44-4CF0-B5D5-267F7DBABB5E}.Release|Any CPU.ActiveCfg = Release|Any CPU
		{51B1D496-0C44-4CF0-B5D5-267F7DBABB5E}.Release|Any CPU.Build.0 = Release|Any CPU
		{24D69860-665E-4A14-B520-D0F39C9EB7A4}.Debug|Any CPU.ActiveCfg = Debug|Any CPU
		{24D69860-665E-4A14-B520-D0F39C9EB7A4}.Debug|Any CPU.Build.0 = Debug|Any CPU
		{24D69860-665E-4A14-B520-D0F39C9EB7A4}.Release|Any CPU.ActiveCfg = Release|Any CPU
		{24D69860-665E-4A14-B520-D0F39C9EB7A4}.Release|Any CPU.Build.0 = Release|Any CPU
		{DFA17F7C-38DC-43B1-AB9A-B3F785B050A6}.Debug|Any CPU.ActiveCfg = Debug|Any CPU
		{DFA17F7C-38DC-43B1-AB9A-B3F785B050A6}.Debug|Any CPU.Build.0 = Debug|Any CPU
		{DFA17F7C-38DC-43B1-AB9A-B3F785B050A6}.Debug|Any CPU.Deploy.0 = Debug|Any CPU
		{DFA17F7C-38DC-43B1-AB9A-B3F785B050A6}.Release|Any CPU.ActiveCfg = Release|Any CPU
		{DFA17F7C-38DC-43B1-AB9A-B3F785B050A6}.Release|Any CPU.Build.0 = Release|Any CPU
		{DFA17F7C-38DC-43B1-AB9A-B3F785B050A6}.Release|Any CPU.Deploy.0 = Release|Any CPU
		{9D166B97-8336-4B4B-93E3-663DAAA1CD69}.Debug|Any CPU.ActiveCfg = Debug|Any CPU
		{9D166B97-8336-4B4B-93E3-663DAAA1CD69}.Debug|Any CPU.Build.0 = Debug|Any CPU
		{9D166B97-8336-4B4B-93E3-663DAAA1CD69}.Release|Any CPU.ActiveCfg = Release|Any CPU
		{9D166B97-8336-4B4B-93E3-663DAAA1CD69}.Release|Any CPU.Build.0 = Release|Any CPU
		{0BF08EEF-1387-4F24-BD43-C42B2FBE497A}.Debug|Any CPU.ActiveCfg = Debug|Any CPU
		{0BF08EEF-1387-4F24-BD43-C42B2FBE497A}.Debug|Any CPU.Build.0 = Debug|Any CPU
		{0BF08EEF-1387-4F24-BD43-C42B2FBE497A}.Release|Any CPU.ActiveCfg = Release|Any CPU
		{0BF08EEF-1387-4F24-BD43-C42B2FBE497A}.Release|Any CPU.Build.0 = Release|Any CPU
	EndGlobalSection
	GlobalSection(SolutionProperties) = preSolution
		HideSolutionNode = FALSE
	EndGlobalSection
	GlobalSection(NestedProjects) = preSolution
		{24D69860-665E-4A14-B520-D0F39C9EB7A4} = {A01090F5-7C24-407A-96B1-60C4EA32E393}
		{9D166B97-8336-4B4B-93E3-663DAAA1CD69} = {A01090F5-7C24-407A-96B1-60C4EA32E393}
	EndGlobalSection
	GlobalSection(ExtensibilityGlobals) = postSolution
		SolutionGuid = {98B58B13-C41E-48A4-A12F-08425AC036A9}
	EndGlobalSection
EndGlobal
